Microsoft Visual Studio Solution File, Format Version 12.00
# Visual Studio Version 17
VisualStudioVersion = 17.5.2.0
MinimumVisualStudioVersion = 10.0.40219.1
Project("{FAE04EC0-301F-11D3-BF4B-00C04F79EFBC}") = "TerribleDialogueConsole", "TerribleDialogueConsole.csproj", "{D5DFCB0E-0CD9-C299-16EE-355CBF24DC44}"
EndProject
Global
	GlobalSection(SolutionConfigurationPlatforms) = preSolution
		Debug|Any CPU = Debug|Any CPU
		Release|Any CPU = Release|Any CPU
	EndGlobalSection
	GlobalSection(ProjectConfigurationPlatforms) = postSolution
		{D5DFCB0E-0CD9-C299-16EE-355CBF24DC44}.Debug|Any CPU.ActiveCfg = Debug|Any CPU
		{D5DFCB0E-0CD9-C299-16EE-355CBF24DC44}.Debug|Any CPU.Build.0 = Debug|Any CPU
		{D5DFCB0E-0CD9-C299-16EE-355CBF24DC44}.Release|Any CPU.ActiveCfg = Release|Any CPU
		{D5DFCB0E-0CD9-C299-16EE-355CBF24DC44}.Release|Any CPU.Build.0 = Release|Any CPU
	EndGlobalSection
	GlobalSection(SolutionProperties) = preSolution
		HideSolutionNode = FALSE
	EndGlobalSection
	GlobalSection(ExtensibilityGlobals) = postSolution
		SolutionGuid = {4BFA05DD-270B-475C-B9E2-B662B0E37D8E}
	EndGlobalSection
EndGlobal
